
Microsoft Visual Studio Solution File, Format Version 12.00
# Visual Studio Version 17
VisualStudioVersion = 17.4.33213.308
MinimumVisualStudioVersion = 10.0.40219.1
Project("{9A19103F-16F7-4668-BE54-9A1E7A4F7556}") = "Producer", "Producer\Producer.csproj", "{D8FBAD08-8040-4BD4-AC41-9B38CB007FC2}"
EndProject
Project("{FAE04EC0-301F-11D3-BF4B-00C04F79EFBC}") = "Consumer", "Consumer\Consumer.csproj", "{E4F1C0F8-043F-4E0D-BDFB-0DDC6C711A51}"
EndProject
Global
	GlobalSection(SolutionConfigurationPlatforms) = preSolution
		Debug|Any CPU = Debug|Any CPU
		Release|Any CPU = Release|Any CPU
	EndGlobalSection
	GlobalSection(ProjectConfigurationPlatforms) = postSolution
		{D8FBAD08-8040-4BD4-AC41-9B38CB007FC2}.Debug|Any CPU.ActiveCfg = Debug|Any CPU
		{D8FBAD08-8040-4BD4-AC41-9B38CB007FC2}.Debug|Any CPU.Build.0 = Debug|Any CPU
		{D8FBAD08-8040-4BD4-AC41-9B38CB007FC2}.Release|Any CPU.ActiveCfg = Release|Any CPU
		{D8FBAD08-8040-4BD4-AC41-9B38CB007FC2}.Release|Any CPU.Build.0 = Release|Any CPU
		{E4F1C0F8-043F-4E0D-BDFB-0DDC6C711A51}.Debug|Any CPU.ActiveCfg = Debug|Any CPU
		{E4F1C0F8-043F-4E0D-BDFB-0DDC6C711A51}.Debug|Any CPU.Build.0 = Debug|Any CPU
		{E4F1C0F8-043F-4E0D-BDFB-0DDC6C711A51}.Release|Any CPU.ActiveCfg = Release|Any CPU
		{E4F1C0F8-043F-4E0D-BDFB-0DDC6C711A51}.Release|Any CPU.Build.0 = Release|Any CPU
	EndGlobalSection
	GlobalSection(SolutionProperties) = preSolution
		HideSolutionNode = FALSE
	EndGlobalSection
	GlobalSection(ExtensibilityGlobals) = postSolution
		SolutionGuid = {9E5AE9C9-EFED-410A-873C-3072A60927DE}
	EndGlobalSection
EndGlobal
